# This file is automatically @generated by Cargo.
# It is not intended for manual editing.
[[package]]
name = "futures"
version = "0.1.26"
source = "registry+https://github.com/rust-lang/crates.io-index"

[[package]]
name = "futures-channel-preview"
version = "0.3.0-alpha.15"
source = "registry+https://github.com/rust-lang/crates.io-index"
dependencies = [
 "futures-core-preview 0.3.0-alpha.15 (registry+https://github.com/rust-lang/crates.io-index)",
]

[[package]]
name = "futures-core-preview"
version = "0.3.0-alpha.15"
source = "registry+https://github.com/rust-lang/crates.io-index"

[[package]]
name = "futures-executor-preview"
version = "0.3.0-alpha.15"
source = "registry+https://github.com/rust-lang/crates.io-index"
dependencies = [
 "futures-channel-preview 0.3.0-alpha.15 (registry+https://github.com/rust-lang/crates.io-index)",
 "futures-core-preview 0.3.0-alpha.15 (registry+https://github.com/rust-lang/crates.io-index)",
 "futures-util-preview 0.3.0-alpha.15 (registry+https://github.com/rust-lang/crates.io-index)",
 "num_cpus 1.10.0 (registry+https://github.com/rust-lang/crates.io-index)",
 "pin-utils 0.1.0-alpha.4 (registry+https://github.com/rust-lang/crates.io-index)",
]

[[package]]
name = "futures-io-preview"
version = "0.3.0-alpha.15"
source = "registry+https://github.com/rust-lang/crates.io-index"
dependencies = [
 "futures-core-preview 0.3.0-alpha.15 (registry+https://github.com/rust-lang/crates.io-index)",
 "iovec 0.1.2 (registry+https://github.com/rust-lang/crates.io-index)",
]

[[package]]
name = "futures-preview"
version = "0.3.0-alpha.15"
source = "registry+https://github.com/rust-lang/crates.io-index"
dependencies = [
 "futures-channel-preview 0.3.0-alpha.15 (registry+https://github.com/rust-lang/crates.io-index)",
 "futures-core-preview 0.3.0-alpha.15 (registry+https://github.com/rust-lang/crates.io-index)",
 "futures-executor-preview 0.3.0-alpha.15 (registry+https://github.com/rust-lang/crates.io-index)",
 "futures-io-preview 0.3.0-alpha.15 (registry+https://github.com/rust-lang/crates.io-index)",
 "futures-sink-preview 0.3.0-alpha.15 (registry+https://github.com/rust-lang/crates.io-index)",
 "futures-util-preview 0.3.0-alpha.15 (registry+https://github.com/rust-lang/crates.io-index)",
]

[[package]]
name = "futures-sink-preview"
version = "0.3.0-alpha.15"
source = "registry+https://github.com/rust-lang/crates.io-index"
dependencies = [
 "futures-channel-preview 0.3.0-alpha.15 (registry+https://github.com/rust-lang/crates.io-index)",
 "futures-core-preview 0.3.0-alpha.15 (registry+https://github.com/rust-lang/crates.io-index)",
]

[[package]]
name = "futures-util-preview"
version = "0.3.0-alpha.15"
source = "registry+https://github.com/rust-lang/crates.io-index"
dependencies = [
 "futures 0.1.26 (registry+https://github.com/rust-lang/crates.io-index)",
 "futures-channel-preview 0.3.0-alpha.15 (registry+https://github.com/rust-lang/crates.io-index)",
 "futures-core-preview 0.3.0-alpha.15 (registry+https://github.com/rust-lang/crates.io-index)",
 "futures-io-preview 0.3.0-alpha.15 (registry+https://github.com/rust-lang/crates.io-index)",
 "futures-sink-preview 0.3.0-alpha.15 (registry+https://github.com/rust-lang/crates.io-index)",
 "memchr 2.2.0 (registry+https://github.com/rust-lang/crates.io-index)",
 "pin-utils 0.1.0-alpha.4 (registry+https://github.com/rust-lang/crates.io-index)",
 "slab 0.4.2 (registry+https://github.com/rust-lang/crates.io-index)",
]

[[package]]
name = "iovec"
version = "0.1.2"
source = "registry+https://github.com/rust-lang/crates.io-index"
dependencies = [
 "libc 0.2.54 (registry+https://github.com/rust-lang/crates.io-index)",
 "winapi 0.2.8 (registry+https://github.com/rust-lang/crates.io-index)",
]

[[package]]
name = "itoa"
version = "0.4.4"
source = "registry+https://github.com/rust-lang/crates.io-index"

[[package]]
name = "jsonrpc"
version = "0.1.0"
dependencies = [
 "futures-preview 0.3.0-alpha.15 (registry+https://github.com/rust-lang/crates.io-index)",
 "serde 1.0.90 (registry+https://github.com/rust-lang/crates.io-index)",
 "serde_json 1.0.39 (registry+https://github.com/rust-lang/crates.io-index)",
 "serde_repr 0.1.4 (registry+https://github.com/rust-lang/crates.io-index)",
]

[[package]]
name = "libc"
version = "0.2.54"
source = "registry+https://github.com/rust-lang/crates.io-index"

[[package]]
name = "memchr"
version = "2.2.0"
source = "registry+https://github.com/rust-lang/crates.io-index"

[[package]]
name = "num_cpus"
version = "1.10.0"
source = "registry+https://github.com/rust-lang/crates.io-index"
dependencies = [
 "libc 0.2.54 (registry+https://github.com/rust-lang/crates.io-index)",
]

[[package]]
name = "pin-utils"
version = "0.1.0-alpha.4"
source = "registry+https://github.com/rust-lang/crates.io-index"

[[package]]
name = "proc-macro2"
version = "0.4.29"
source = "registry+https://github.com/rust-lang/crates.io-index"
dependencies = [
 "unicode-xid 0.1.0 (registry+https://github.com/rust-lang/crates.io-index)",
]

[[package]]
name = "quote"
version = "0.6.12"
source = "registry+https://github.com/rust-lang/crates.io-index"
dependencies = [
 "proc-macro2 0.4.29 (registry+https://github.com/rust-lang/crates.io-index)",
]

[[package]]
name = "ryu"
version = "0.2.8"
source = "registry+https://github.com/rust-lang/crates.io-index"

[[package]]
name = "serde"
version = "1.0.90"
source = "registry+https://github.com/rust-lang/crates.io-index"
dependencies = [
 "serde_derive 1.0.90 (registry+https://github.com/rust-lang/crates.io-index)",
]

[[package]]
name = "serde_derive"
version = "1.0.90"
source = "registry+https://github.com/rust-lang/crates.io-index"
dependencies = [
 "proc-macro2 0.4.29 (registry+https://github.com/rust-lang/crates.io-index)",
 "quote 0.6.12 (registry+https://github.com/rust-lang/crates.io-index)",
 "syn 0.15.33 (registry+https://github.com/rust-lang/crates.io-index)",
]

[[package]]
name = "serde_json"
version = "1.0.39"
source = "registry+https://github.com/rust-lang/crates.io-index"
dependencies = [
 "itoa 0.4.4 (registry+https://github.com/rust-lang/crates.io-index)",
 "ryu 0.2.8 (registry+https://github.com/rust-lang/crates.io-index)",
 "serde 1.0.90 (registry+https://github.com/rust-lang/crates.io-index)",
]

[[package]]
name = "serde_repr"
version = "0.1.4"
source = "registry+https://github.com/rust-lang/crates.io-index"
dependencies = [
 "proc-macro2 0.4.29 (registry+https://github.com/rust-lang/crates.io-index)",
 "quote 0.6.12 (registry+https://github.com/rust-lang/crates.io-index)",
 "syn 0.15.33 (registry+https://github.com/rust-lang/crates.io-index)",
]

[[package]]
name = "slab"
version = "0.4.2"
source = "registry+https://github.com/rust-lang/crates.io-index"

[[package]]
name = "syn"
version = "0.15.33"
source = "registry+https://github.com/rust-lang/crates.io-index"
dependencies = [
 "proc-macro2 0.4.29 (registry+https://github.com/rust-lang/crates.io-index)",
 "quote 0.6.12 (registry+https://github.com/rust-lang/crates.io-index)",
 "unicode-xid 0.1.0 (registry+https://github.com/rust-lang/crates.io-index)",
]

[[package]]
name = "unicode-xid"
version = "0.1.0"
source = "registry+https://github.com/rust-lang/crates.io-index"

[[package]]
name = "winapi"
version = "0.2.8"
source = "registry+https://github.com/rust-lang/crates.io-index"

[metadata]
"checksum futures 0.1.26 (registry+https://github.com/rust-lang/crates.io-index)" = "62941eff9507c8177d448bd83a44d9b9760856e184081d8cd79ba9f03dd24981"
"checksum futures-channel-preview 0.3.0-alpha.15 (registry+https://github.com/rust-lang/crates.io-index)" = "edf150887ba490560f3d732e479a383ca4b8696af98651806d3f4edc1d968585"
"checksum futures-core-preview 0.3.0-alpha.15 (registry+https://github.com/rust-lang/crates.io-index)" = "10a3833d58fd08b3a40203613ed3a93c8bc0bc0181af5dd6422a0e08df1bfa68"
"checksum futures-executor-preview 0.3.0-alpha.15 (registry+https://github.com/rust-lang/crates.io-index)" = "0a75c64f20734619b4668e87f902544ce8c108dfcb6c9b6b2fcefdd1a848c15a"
"checksum futures-io-preview 0.3.0-alpha.15 (registry+https://github.com/rust-lang/crates.io-index)" = "b24891994ce1445f7e0cd494e4f57fd79f5bd9d37e9cc90a31d109e9a06d9073"
"checksum futures-preview 0.3.0-alpha.15 (registry+https://github.com/rust-lang/crates.io-index)" = "f5b8da0ac7e67b6341b8c971918f2bb6540f57b06a8644a76edf17dda0728709"
"checksum futures-sink-preview 0.3.0-alpha.15 (registry+https://github.com/rust-lang/crates.io-index)" = "f64fa75a0ce02dee949c8c9447abfc117df214054d6e96755d329c9053baf2fd"
"checksum futures-util-preview 0.3.0-alpha.15 (registry+https://github.com/rust-lang/crates.io-index)" = "ca958da50f4073c475d9f7ec6ce405451e06707bfd69686e83abd76cb4e1e7fb"
"checksum iovec 0.1.2 (registry+https://github.com/rust-lang/crates.io-index)" = "dbe6e417e7d0975db6512b90796e8ce223145ac4e33c377e4a42882a0e88bb08"
"checksum itoa 0.4.4 (registry+https://github.com/rust-lang/crates.io-index)" = "501266b7edd0174f8530248f87f99c88fbe60ca4ef3dd486835b8d8d53136f7f"
"checksum libc 0.2.54 (registry+https://github.com/rust-lang/crates.io-index)" = "c6785aa7dd976f5fbf3b71cfd9cd49d7f783c1ff565a858d71031c6c313aa5c6"
"checksum memchr 2.2.0 (registry+https://github.com/rust-lang/crates.io-index)" = "2efc7bc57c883d4a4d6e3246905283d8dae951bb3bd32f49d6ef297f546e1c39"
"checksum num_cpus 1.10.0 (registry+https://github.com/rust-lang/crates.io-index)" = "1a23f0ed30a54abaa0c7e83b1d2d87ada7c3c23078d1d87815af3e3b6385fbba"
"checksum pin-utils 0.1.0-alpha.4 (registry+https://github.com/rust-lang/crates.io-index)" = "5894c618ce612a3fa23881b152b608bafb8c56cfc22f434a3ba3120b40f7b587"
"checksum proc-macro2 0.4.29 (registry+https://github.com/rust-lang/crates.io-index)" = "64c827cea7a7ab30ce4593e5e04d7a11617ad6ece2fa230605a78b00ff965316"
"checksum quote 0.6.12 (registry+https://github.com/rust-lang/crates.io-index)" = "faf4799c5d274f3868a4aae320a0a182cbd2baee377b378f080e16a23e9d80db"
"checksum ryu 0.2.8 (registry+https://github.com/rust-lang/crates.io-index)" = "b96a9549dc8d48f2c283938303c4b5a77aa29bfbc5b54b084fb1630408899a8f"
"checksum serde 1.0.90 (registry+https://github.com/rust-lang/crates.io-index)" = "aa5f7c20820475babd2c077c3ab5f8c77a31c15e16ea38687b4c02d3e48680f4"
"checksum serde_derive 1.0.90 (registry+https://github.com/rust-lang/crates.io-index)" = "58fc82bec244f168b23d1963b45c8bf5726e9a15a9d146a067f9081aeed2de79"
"checksum serde_json 1.0.39 (registry+https://github.com/rust-lang/crates.io-index)" = "5a23aa71d4a4d43fdbfaac00eff68ba8a06a51759a89ac3304323e800c4dd40d"
"checksum serde_repr 0.1.4 (registry+https://github.com/rust-lang/crates.io-index)" = "29a734c298df0346c4cd5919595981c266dabbf12dc747c85e1a95e96077a52b"
"checksum slab 0.4.2 (registry+https://github.com/rust-lang/crates.io-index)" = "c111b5bd5695e56cffe5129854aa230b39c93a305372fdbb2668ca2394eea9f8"
"checksum syn 0.15.33 (registry+https://github.com/rust-lang/crates.io-index)" = "ec52cd796e5f01d0067225a5392e70084acc4c0013fa71d55166d38a8b307836"
"checksum unicode-xid 0.1.0 (registry+https://github.com/rust-lang/crates.io-index)" = "fc72304796d0818e357ead4e000d19c9c174ab23dc11093ac919054d20a6a7fc"
"checksum winapi 0.2.8 (registry+https://github.com/rust-lang/crates.io-index)" = "167dc9d6949a9b857f3451275e911c3f44255842c1f7a76f33c55103a909087a"
